
Microsoft Visual Studio Solution File, Format Version 12.00
# Visual Studio Version 16
VisualStudioVersion = 16.0.31025.194
MinimumVisualStudioVersion = 10.0.40219.1
Project("{FAE04EC0-301F-11D3-BF4B-00C04F79EFBC}") = "MusicStore", "MusicStore\MusicStore.csproj", "{830FF744-43F1-479D-BC01-6906C1201214}"
EndProject
Global
	GlobalSection(SolutionConfigurationPlatforms) = preSolution
		Debug|Any CPU = Debug|Any CPU
		Release|Any CPU = Release|Any CPU
	EndGlobalSection
	GlobalSection(ProjectConfigurationPlatforms) = postSolution
		{830FF744-43F1-479D-BC01-6906C1201214}.Debug|Any CPU.ActiveCfg = Debug|Any CPU
		{830FF744-43F1-479D-BC01-6906C1201214}.Debug|Any CPU.Build.0 = Debug|Any CPU
		{830FF744-43F1-479D-BC01-6906C1201214}.Release|Any CPU.ActiveCfg = Release|Any CPU
		{830FF744-43F1-479D-BC01-6906C1201214}.Release|Any CPU.Build.0 = Release|Any CPU
	EndGlobalSection
	GlobalSection(SolutionProperties) = preSolution
		HideSolutionNode = FALSE
	EndGlobalSection
	GlobalSection(ExtensibilityGlobals) = postSolution
		SolutionGuid = {ACB1FB95-B7E5-4A62-B1E2-29ACB401CDF4}
	EndGlobalSection
EndGlobal
